// !$*UTF8*$!
{
	archiveVersion = 1;
	classes = {
	};
	objectVersion = 50;
	objects = {

/* Begin PBXBuildFile section */
		A253F2CF267C961A0049911B /* AppDelegate.swift in Sources */ = {isa = PBXBuildFile; fileRef = A253F2CE267C961A0049911B /* AppDelegate.swift */; };
		A253F2D1267C961A0049911B /* SceneDelegate.swift in Sources */ = {isa = PBXBuildFile; fileRef = A253F2D0267C961A0049911B /* SceneDelegate.swift */; };
		A253F2D6267C961A0049911B /* Main.storyboard in Resources */ = {isa = PBXBuildFile; fileRef = A253F2D4267C961A0049911B /* Main.storyboard */; };
		A253F2D8267C961F0049911B /* Assets.xcassets in Resources */ = {isa = PBXBuildFile; fileRef = A253F2D7267C961F0049911B /* Assets.xcassets */; };
		A253F2DB267C961F0049911B /* LaunchScreen.storyboard in Resources */ = {isa = PBXBuildFile; fileRef = A253F2D9267C961F0049911B /* LaunchScreen.storyboard */; };
		A253F2EA267C98070049911B /* CityTableViewController.swift in Sources */ = {isa = PBXBuildFile; fileRef = A253F2E9267C98070049911B /* CityTableViewController.swift */; };
		A253F2EC267C98620049911B /* DetailsViewController.swift in Sources */ = {isa = PBXBuildFile; fileRef = A253F2EB267C98620049911B /* DetailsViewController.swift */; };
		A253F2EE267C994D0049911B /* City.swift in Sources */ = {isa = PBXBuildFile; fileRef = A253F2ED267C994D0049911B /* City.swift */; };
		A253F2F1267C9CAE0049911B /* CityTableViewCell.swift in Sources */ = {isa = PBXBuildFile; fileRef = A253F2F0267C9CAE0049911B /* CityTableViewCell.swift */; };
		A2B233AA267CAF17000F9A9E /* UIView+gradientBackground.swift in Sources */ = {isa = PBXBuildFile; fileRef = A2B233A9267CAF17000F9A9E /* UIView+gradientBackground.swift */; };
		A2B233BE267DEBAF000F9A9E /* NetworkManager.swift in Sources */ = {isa = PBXBuildFile; fileRef = A2B233BD267DEBAF000F9A9E /* NetworkManager.swift */; };
		A2B233C0267DEC16000F9A9E /* WeatherService.swift in Sources */ = {isa = PBXBuildFile; fileRef = A2B233BF267DEC16000F9A9E /* WeatherService.swift */; };
		A2B233C2267DEE47000F9A9E /* Weather.swift in Sources */ = {isa = PBXBuildFile; fileRef = A2B233C1267DEE47000F9A9E /* Weather.swift */; };
/* End PBXBuildFile section */

/* Begin PBXFileReference section */
		A253F2CB267C961A0049911B /* WeatherApp.app */ = {isa = PBXFileReference; explicitFileType = wrapper.application; includeInIndex = 0; path = WeatherApp.app; sourceTree = BUILT_PRODUCTS_DIR; };
		A253F2CE267C961A0049911B /* AppDelegate.swift */ = {isa = PBXFileReference; lastKnownFileType = sourcecode.swift; path = AppDelegate.swift; sourceTree = "<group>"; };
		A253F2D0267C961A0049911B /* SceneDelegate.swift */ = {isa = PBXFileReference; lastKnownFileType = sourcecode.swift; path = SceneDelegate.swift; sourceTree = "<group>"; };
		A253F2D5267C961A0049911B /* Base */ = {isa = PBXFileReference; lastKnownFileType = file.storyboard; name = Base; path = Base.lproj/Main.storyboard; sourceTree = "<group>"; };
		A253F2D7267C961F0049911B /* Assets.xcassets */ = {isa = PBXFileReference; lastKnownFileType = folder.assetcatalog; path = Assets.xcassets; sourceTree = "<group>"; };
		A253F2DA267C961F0049911B /* Base */ = {isa = PBXFileReference; lastKnownFileType = file.storyboard; name = Base; path = Base.lproj/LaunchScreen.storyboard; sourceTree = "<group>"; };
		A253F2DC267C961F0049911B /* Info.plist */ = {isa = PBXFileReference; lastKnownFileType = text.plist.xml; path = Info.plist; sourceTree = "<group>"; };
		A253F2E9267C98070049911B /* CityTableViewController.swift */ = {isa = PBXFileReference; lastKnownFileType = sourcecode.swift; path = CityTableViewController.swift; sourceTree = "<group>"; };
		A253F2EB267C98620049911B /* DetailsViewController.swift */ = {isa = PBXFileReference; lastKnownFileType = sourcecode.swift; path = DetailsViewController.swift; sourceTree = "<group>"; };
		A253F2ED267C994D0049911B /* City.swift */ = {isa = PBXFileReference; lastKnownFileType = sourcecode.swift; path = City.swift; sourceTree = "<group>"; };
		A253F2F0267C9CAE0049911B /* CityTableViewCell.swift */ = {isa = PBXFileReference; lastKnownFileType = sourcecode.swift; path = CityTableViewCell.swift; sourceTree = "<group>"; };
		A2B233A9267CAF17000F9A9E /* UIView+gradientBackground.swift */ = {isa = PBXFileReference; lastKnownFileType = sourcecode.swift; path = "UIView+gradientBackground.swift"; sourceTree = "<group>"; };
		A2B233BD267DEBAF000F9A9E /* NetworkManager.swift */ = {isa = PBXFileReference; lastKnownFileType = sourcecode.swift; path = NetworkManager.swift; sourceTree = "<group>"; };
		A2B233BF267DEC16000F9A9E /* WeatherService.swift */ = {isa = PBXFileReference; lastKnownFileType = sourcecode.swift; path = WeatherService.swift; sourceTree = "<group>"; };
		A2B233C1267DEE47000F9A9E /* Weather.swift */ = {isa = PBXFileReference; lastKnownFileType = sourcecode.swift; path = Weather.swift; sourceTree = "<group>"; };
/* End PBXFileReference section */

/* Begin PBXFrameworksBuildPhase section */
		A253F2C8267C961A0049911B /* Frameworks */ = {
			isa = PBXFrameworksBuildPhase;
			buildActionMask = 2147483647;
			files = (
			);
			runOnlyForDeploymentPostprocessing = 0;
		};
/* End PBXFrameworksBuildPhase section */

/* Begin PBXGroup section */
		A253F2C2267C961A0049911B = {
			isa = PBXGroup;
			children = (
				A253F2CD267C961A0049911B /* WeatherApp */,
				A253F2CC267C961A0049911B /* Products */,
			);
			sourceTree = "<group>";
		};
		A253F2CC267C961A0049911B /* Products */ = {
			isa = PBXGroup;
			children = (
				A253F2CB267C961A0049911B /* WeatherApp.app */,
			);
			name = Products;
			sourceTree = "<group>";
		};
		A253F2CD267C961A0049911B /* WeatherApp */ = {
			isa = PBXGroup;
			children = (
				A2B233AB267CC142000F9A9E /* Services */,
				A253F2E2267C96D90049911B /* Application */,
				A253F2E3267C96E10049911B /* Storyboards */,
				A253F2E7267C97020049911B /* Resources */,
				A253F2E8267C974B0049911B /* Extensions */,
				A253F2E5267C96F30049911B /* Models */,
				A253F2EF267C9C8D0049911B /* Views */,
				A253F2E4267C96E90049911B /* ViewControllers */,
			);
			path = WeatherApp;
			sourceTree = "<group>";
		};
		A253F2E2267C96D90049911B /* Application */ = {
			isa = PBXGroup;
			children = (
				A253F2CE267C961A0049911B /* AppDelegate.swift */,
				A253F2D0267C961A0049911B /* SceneDelegate.swift */,
			);
			path = Application;
			sourceTree = "<group>";
		};
		A253F2E3267C96E10049911B /* Storyboards */ = {
			isa = PBXGroup;
			children = (
				A253F2D4267C961A0049911B /* Main.storyboard */,
				A253F2D9267C961F0049911B /* LaunchScreen.storyboard */,
			);
			path = Storyboards;
			sourceTree = "<group>";
		};
		A253F2E4267C96E90049911B /* ViewControllers */ = {
			isa = PBXGroup;
			children = (
				A253F2E9267C98070049911B /* CityTableViewController.swift */,
				A253F2EB267C98620049911B /* DetailsViewController.swift */,
			);
			path = ViewControllers;
			sourceTree = "<group>";
		};
		A253F2E5267C96F30049911B /* Models */ = {
			isa = PBXGroup;
			children = (
				A253F2ED267C994D0049911B /* City.swift */,
				A2B233C1267DEE47000F9A9E /* Weather.swift */,
			);
			path = Models;
			sourceTree = "<group>";
		};
		A253F2E7267C97020049911B /* Resources */ = {
			isa = PBXGroup;
			children = (
				A253F2D7267C961F0049911B /* Assets.xcassets */,
				A253F2DC267C961F0049911B /* Info.plist */,
			);
			path = Resources;
			sourceTree = "<group>";
		};
		A253F2E8267C974B0049911B /* Extensions */ = {
			isa = PBXGroup;
			children = (
				A2B233A9267CAF17000F9A9E /* UIView+gradientBackground.swift */,
			);
			path = Extensions;
			sourceTree = "<group>";
		};
		A253F2EF267C9C8D0049911B /* Views */ = {
			isa = PBXGroup;
			children = (
				A253F2F0267C9CAE0049911B /* CityTableViewCell.swift */,
			);
			path = Views;
			sourceTree = "<group>";
		};
		A2B233AB267CC142000F9A9E /* Services */ = {
			isa = PBXGroup;
			children = (
				A2B233BD267DEBAF000F9A9E /* NetworkManager.swift */,
				A2B233BF267DEC16000F9A9E /* WeatherService.swift */,
			);
			path = Services;
			sourceTree = "<group>";
		};
/* End PBXGroup section */

/* Begin PBXNativeTarget section */
		A253F2CA267C961A0049911B /* WeatherApp */ = {
			isa = PBXNativeTarget;
			buildConfigurationList = A253F2DF267C961F0049911B /* Build configuration list for PBXNativeTarget "WeatherApp" */;
			buildPhases = (
				A253F2C7267C961A0049911B /* Sources */,
				A253F2C8267C961A0049911B /* Frameworks */,
				A253F2C9267C961A0049911B /* Resources */,
			);
			buildRules = (
			);
			dependencies = (
			);
			name = WeatherApp;
			productName = WeatherApp;
			productReference = A253F2CB267C961A0049911B /* WeatherApp.app */;
			productType = "com.apple.product-type.application";
		};
/* End PBXNativeTarget section */

/* Begin PBXProject section */
		A253F2C3267C961A0049911B /* Project object */ = {
			isa = PBXProject;
			attributes = {
				LastSwiftUpdateCheck = 1250;
				LastUpgradeCheck = 1250;
				TargetAttributes = {
					A253F2CA267C961A0049911B = {
						CreatedOnToolsVersion = 12.5;
					};
				};
			};
			buildConfigurationList = A253F2C6267C961A0049911B /* Build configuration list for PBXProject "WeatherApp" */;
			compatibilityVersion = "Xcode 9.3";
			developmentRegion = en;
			hasScannedForEncodings = 0;
			knownRegions = (
				en,
				Base,
			);
			mainGroup = A253F2C2267C961A0049911B;
			productRefGroup = A253F2CC267C961A0049911B /* Products */;
			projectDirPath = "";
			projectRoot = "";
			targets = (
				A253F2CA267C961A0049911B /* WeatherApp */,
			);
		};
/* End PBXProject section */

/* Begin PBXResourcesBuildPhase section */
		A253F2C9267C961A0049911B /* Resources */ = {
			isa = PBXResourcesBuildPhase;
			buildActionMask = 2147483647;
			files = (
				A253F2DB267C961F0049911B /* LaunchScreen.storyboard in Resources */,
				A253F2D8267C961F0049911B /* Assets.xcassets in Resources */,
				A253F2D6267C961A0049911B /* Main.storyboard in Resources */,
			);
			runOnlyForDeploymentPostprocessing = 0;
		};
/* End PBXResourcesBuildPhase section */

/* Begin PBXSourcesBuildPhase section */
		A253F2C7267C961A0049911B /* Sources */ = {
			isa = PBXSourcesBuildPhase;
			buildActionMask = 2147483647;
			files = (
				A2B233C0267DEC16000F9A9E /* WeatherService.swift in Sources */,
				A2B233BE267DEBAF000F9A9E /* NetworkManager.swift in Sources */,
				A253F2F1267C9CAE0049911B /* CityTableViewCell.swift in Sources */,
				A2B233C2267DEE47000F9A9E /* Weather.swift in Sources */,
				A253F2EA267C98070049911B /* CityTableViewController.swift in Sources */,
				A253F2CF267C961A0049911B /* AppDelegate.swift in Sources */,
				A253F2EE267C994D0049911B /* City.swift in Sources */,
				A253F2D1267C961A0049911B /* SceneDelegate.swift in Sources */,
				A2B233AA267CAF17000F9A9E /* UIView+gradientBackground.swift in Sources */,
				A253F2EC267C98620049911B /* DetailsViewController.swift in Sources */,
			);
			runOnlyForDeploymentPostprocessing = 0;
		};
/* End PBXSourcesBuildPhase section */

/* Begin PBXVariantGroup section */
		A253F2D4267C961A0049911B /* Main.storyboard */ = {
			isa = PBXVariantGroup;
			children = (
				A253F2D5267C961A0049911B /* Base */,
			);
			name = Main.storyboard;
			sourceTree = "<group>";
		};
		A253F2D9267C961F0049911B /* LaunchScreen.storyboard */ = {
			isa = PBXVariantGroup;
			children = (
				A253F2DA267C961F0049911B /* Base */,
			);
			name = LaunchScreen.storyboard;
			sourceTree = "<group>";
		};
/* End PBXVariantGroup section */

/* Begin XCBuildConfiguration section */
		A253F2DD267C961F0049911B /* Debug */ = {
			isa = XCBuildConfiguration;
			buildSettings = {
				ALWAYS_SEARCH_USER_PATHS = NO;
				CLANG_ANALYZER_NONNULL = YES;
				CLANG_ANALYZER_NUMBER_OBJECT_CONVERSION = YES_AGGRESSIVE;
				CLANG_CXX_LANGUAGE_STANDARD = "gnu++14";
				CLANG_CXX_LIBRARY = "libc++";
				CLANG_ENABLE_MODULES = YES;
				CLANG_ENABLE_OBJC_ARC = YES;
				CLANG_ENABLE_OBJC_WEAK = YES;
				CLANG_WARN_BLOCK_CAPTURE_AUTORELEASING = YES;
				CLANG_WARN_BOOL_CONVERSION = YES;
				CLANG_WARN_COMMA = YES;
				CLANG_WARN_CONSTANT_CONVERSION = YES;
				CLANG_WARN_DEPRECATED_OBJC_IMPLEMENTATIONS = YES;
				CLANG_WARN_DIRECT_OBJC_ISA_USAGE = YES_ERROR;
				CLANG_WARN_DOCUMENTATION_COMMENTS = YES;
				CLANG_WARN_EMPTY_BODY = YES;
				CLANG_WARN_ENUM_CONVERSION = YES;
				CLANG_WARN_INFINITE_RECURSION = YES;
				CLANG_WARN_INT_CONVERSION = YES;
				CLANG_WARN_NON_LITERAL_NULL_CONVERSION = YES;
				CLANG_WARN_OBJC_IMPLICIT_RETAIN_SELF = YES;
				CLANG_WARN_OBJC_LITERAL_CONVERSION = YES;
				CLANG_WARN_OBJC_ROOT_CLASS = YES_ERROR;
				CLANG_WARN_QUOTED_INCLUDE_IN_FRAMEWORK_HEADER = YES;
				CLANG_WARN_RANGE_LOOP_ANALYSIS = YES;
				CLANG_WARN_STRICT_PROTOTYPES = YES;
				CLANG_WARN_SUSPICIOUS_MOVE = YES;
				CLANG_WARN_UNGUARDED_AVAILABILITY = YES_AGGRESSIVE;
				CLANG_WARN_UNREACHABLE_CODE = YES;
				CLANG_WARN__DUPLICATE_METHOD_MATCH = YES;
				COPY_PHASE_STRIP = NO;
				DEBUG_INFORMATION_FORMAT = dwarf;
				ENABLE_STRICT_OBJC_MSGSEND = YES;
				ENABLE_TESTABILITY = YES;
				GCC_C_LANGUAGE_STANDARD = gnu11;
				GCC_DYNAMIC_NO_PIC = NO;
				GCC_NO_COMMON_BLOCKS = YES;
				GCC_OPTIMIZATION_LEVEL = 0;
				GCC_PREPROCESSOR_DEFINITIONS = (
					"DEBUG=1",
					"$(inherited)",
				);
				GCC_WARN_64_TO_32_BIT_CONVERSION = YES;
				GCC_WARN_ABOUT_RETURN_TYPE = YES_ERROR;
				GCC_WARN_UNDECLARED_SELECTOR = YES;
				GCC_WARN_UNINITIALIZED_AUTOS = YES_AGGRESSIVE;
				GCC_WARN_UNUSED_FUNCTION = YES;
				GCC_WARN_UNUSED_VARIABLE = YES;
				IPHONEOS_DEPLOYMENT_TARGET = 13.0;
				MTL_ENABLE_DEBUG_INFO = INCLUDE_SOURCE;
				MTL_FAST_MATH = YES;
				ONLY_ACTIVE_ARCH = YES;
				SDKROOT = iphoneos;
				SWIFT_ACTIVE_COMPILATION_CONDITIONS = DEBUG;
				SWIFT_OPTIMIZATION_LEVEL = "-Onone";
			};
			name = Debug;
		};
		A253F2DE267C961F0049911B /* Release */ = {
			isa = XCBuildConfiguration;
			buildSettings = {
				ALWAYS_SEARCH_USER_PATHS = NO;
				CLANG_ANALYZER_NONNULL = YES;
				CLANG_ANALYZER_NUMBER_OBJECT_CONVERSION = YES_AGGRESSIVE;
				CLANG_CXX_LANGUAGE_STANDARD = "gnu++14";
				CLANG_CXX_LIBRARY = "libc++";
				CLANG_ENABLE_MODULES = YES;
				CLANG_ENABLE_OBJC_ARC = YES;
				CLANG_ENABLE_OBJC_WEAK = YES;
				CLANG_WARN_BLOCK_CAPTURE_AUTORELEASING = YES;
				CLANG_WARN_BOOL_CONVERSION = YES;
				CLANG_WARN_COMMA = YES;
				CLANG_WARN_CONSTANT_CONVERSION = YES;
				CLANG_WARN_DEPRECATED_OBJC_IMPLEMENTATIONS = YES;
				CLANG_WARN_DIRECT_OBJC_ISA_USAGE = YES_ERROR;
				CLANG_WARN_DOCUMENTATION_COMMENTS = YES;
				CLANG_WARN_EMPTY_BODY = YES;
				CLANG_WARN_ENUM_CONVERSION = YES;
				CLANG_WARN_INFINITE_RECURSION = YES;
				CLANG_WARN_INT_CONVERSION = YES;
				CLANG_WARN_NON_LITERAL_NULL_CONVERSION = YES;
				CLANG_WARN_OBJC_IMPLICIT_RETAIN_SELF = YES;
				CLANG_WARN_OBJC_LITERAL_CONVERSION = YES;
				CLANG_WARN_OBJC_ROOT_CLASS = YES_ERROR;
				CLANG_WARN_QUOTED_INCLUDE_IN_FRAMEWORK_HEADER = YES;
				CLANG_WARN_RANGE_LOOP_ANALYSIS = YES;
				CLANG_WARN_STRICT_PROTOTYPES = YES;
				CLANG_WARN_SUSPICIOUS_MOVE = YES;
				CLANG_WARN_UNGUARDED_AVAILABILITY = YES_AGGRESSIVE;
				CLANG_WARN_UNREACHABLE_CODE = YES;
				CLANG_WARN__DUPLICATE_METHOD_MATCH = YES;
				COPY_PHASE_STRIP = NO;
				DEBUG_INFORMATION_FORMAT = "dwarf-with-dsym";
				ENABLE_NS_ASSERTIONS = NO;
				ENABLE_STRICT_OBJC_MSGSEND = YES;
				GCC_C_LANGUAGE_STANDARD = gnu11;
				GCC_NO_COMMON_BLOCKS = YES;
				GCC_WARN_64_TO_32_BIT_CONVERSION = YES;
				GCC_WARN_ABOUT_RETURN_TYPE = YES_ERROR;
				GCC_WARN_UNDECLARED_SELECTOR = YES;
				GCC_WARN_UNINITIALIZED_AUTOS = YES_AGGRESSIVE;
				GCC_WARN_UNUSED_FUNCTION = YES;
				GCC_WARN_UNUSED_VARIABLE = YES;
				IPHONEOS_DEPLOYMENT_TARGET = 13.0;
				MTL_ENABLE_DEBUG_INFO = NO;
				MTL_FAST_MATH = YES;
				SDKROOT = iphoneos;
				SWIFT_COMPILATION_MODE = wholemodule;
				SWIFT_OPTIMIZATION_LEVEL = "-O";
				VALIDATE_PRODUCT = YES;
			};
			name = Release;
		};
		A253F2E0267C961F0049911B /* Debug */ = {
			isa = XCBuildConfiguration;
			buildSettings = {
				ASSETCATALOG_COMPILER_APPICON_NAME = AppIcon;
				ASSETCATALOG_COMPILER_GLOBAL_ACCENT_COLOR_NAME = AccentColor;
				CODE_SIGN_STYLE = Automatic;
				DEVELOPMENT_TEAM = HP2GYZ69BY;
				INFOPLIST_FILE = WeatherApp/Resources/Info.plist;
				LD_RUNPATH_SEARCH_PATHS = (
					"$(inherited)",
					"@executable_path/Frameworks",
				);
				PRODUCT_BUNDLE_IDENTIFIER = ru.dreamteam.WeatherApp;
				PRODUCT_NAME = "$(TARGET_NAME)";
				SWIFT_VERSION = 5.0;
				TARGETED_DEVICE_FAMILY = "1,2";
			};
			name = Debug;
		};
		A253F2E1267C961F0049911B /* Release */ = {
			isa = XCBuildConfiguration;
			buildSettings = {
				ASSETCATALOG_COMPILER_APPICON_NAME = AppIcon;
				ASSETCATALOG_COMPILER_GLOBAL_ACCENT_COLOR_NAME = AccentColor;
				CODE_SIGN_STYLE = Automatic;
				DEVELOPMENT_TEAM = HP2GYZ69BY;
				INFOPLIST_FILE = WeatherApp/Resources/Info.plist;
				LD_RUNPATH_SEARCH_PATHS = (
					"$(inherited)",
					"@executable_path/Frameworks",
				);
				PRODUCT_BUNDLE_IDENTIFIER = ru.dreamteam.WeatherApp;
				PRODUCT_NAME = "$(TARGET_NAME)";
				SWIFT_VERSION = 5.0;
				TARGETED_DEVICE_FAMILY = "1,2";
			};
			name = Release;
		};
/* End XCBuildConfiguration section */

/* Begin XCConfigurationList section */
		A253F2C6267C961A0049911B /* Build configuration list for PBXProject "WeatherApp" */ = {
			isa = XCConfigurationList;
			buildConfigurations = (
				A253F2DD267C961F0049911B /* Debug */,
				A253F2DE267C961F0049911B /* Release */,
			);
			defaultConfigurationIsVisible = 0;
			defaultConfigurationName = Release;
		};
		A253F2DF267C961F0049911B /* Build configuration list for PBXNativeTarget "WeatherApp" */ = {
			isa = XCConfigurationList;
			buildConfigurations = (
				A253F2E0267C961F0049911B /* Debug */,
				A253F2E1267C961F0049911B /* Release */,
			);
			defaultConfigurationIsVisible = 0;
			defaultConfigurationName = Release;
		};
/* End XCConfigurationList section */
	};
	rootObject = A253F2C3267C961A0049911B /* Project object */;
}
